
Microsoft Visual Studio Solution File, Format Version 12.00
# Visual Studio 15
VisualStudioVersion = 15.0.28307.271
MinimumVisualStudioVersion = 10.0.40219.1
Project("{FAE04EC0-301F-11D3-BF4B-00C04F79EFBC}") = "PL.Bakkal", "bakkalOtomasyon\PL.Bakkal.csproj", "{EA2AE9CD-7313-4A55-B030-4467B3D21D4D}"
EndProject
Project("{2150E333-8FDC-42A3-9474-1A3956D46DE8}") = "Domain", "Domain", "{A4C36BE9-AA4A-4734-B133-1AB95E56C53C}"
EndProject
Project("{2150E333-8FDC-42A3-9474-1A3956D46DE8}") = "Infrastructure", "Infrastructure", "{FA44627B-6CD5-421E-B01F-49392ACCBAB8}"
EndProject
Project("{2150E333-8FDC-42A3-9474-1A3956D46DE8}") = "Presentation", "Presentation", "{4DD2773D-0EAC-4619-BF73-3BFE071DCB8A}"
EndProject
Project("{FAE04EC0-301F-11D3-BF4B-00C04F79EFBC}") = "DAL.Bakkal", "DAL.Bakkal\DAL.Bakkal.csproj", "{72A2A2D9-925B-436F-ABA6-4E8723BFC5AC}"
EndProject
Project("{FAE04EC0-301F-11D3-BF4B-00C04F79EFBC}") = "BLL.Bakkal", "BLL.Bakkal\BLL.Bakkal.csproj", "{2B1D1DD2-7F85-4434-9367-ACAA8BF8DDE6}"
EndProject
Global
	GlobalSection(SolutionConfigurationPlatforms) = preSolution
		Debug|Any CPU = Debug|Any CPU
		Release|Any CPU = Release|Any CPU
	EndGlobalSection
	GlobalSection(ProjectConfigurationPlatforms) = postSolution
		{EA2AE9CD-7313-4A55-B030-4467B3D21D4D}.Debug|Any CPU.ActiveCfg = Debug|Any CPU
		{EA2AE9CD-7313-4A55-B030-4467B3D21D4D}.Debug|Any CPU.Build.0 = Debug|Any CPU
		{EA2AE9CD-7313-4A55-B030-4467B3D21D4D}.Release|Any CPU.ActiveCfg = Release|Any CPU
		{EA2AE9CD-7313-4A55-B030-4467B3D21D4D}.Release|Any CPU.Build.0 = Release|Any CPU
		{72A2A2D9-925B-436F-ABA6-4E8723BFC5AC}.Debug|Any CPU.ActiveCfg = Debug|Any CPU
		{72A2A2D9-925B-436F-ABA6-4E8723BFC5AC}.Debug|Any CPU.Build.0 = Debug|Any CPU
		{72A2A2D9-925B-436F-ABA6-4E8723BFC5AC}.Release|Any CPU.ActiveCfg = Release|Any CPU
		{72A2A2D9-925B-436F-ABA6-4E8723BFC5AC}.Release|Any CPU.Build.0 = Release|Any CPU
		{2B1D1DD2-7F85-4434-9367-ACAA8BF8DDE6}.Debug|Any CPU.ActiveCfg = Debug|Any CPU
		{2B1D1DD2-7F85-4434-9367-ACAA8BF8DDE6}.Debug|Any CPU.Build.0 = Debug|Any CPU
		{2B1D1DD2-7F85-4434-9367-ACAA8BF8DDE6}.Release|Any CPU.ActiveCfg = Release|Any CPU
		{2B1D1DD2-7F85-4434-9367-ACAA8BF8DDE6}.Release|Any CPU.Build.0 = Release|Any CPU
	EndGlobalSection
	GlobalSection(SolutionProperties) = preSolution
		HideSolutionNode = FALSE
	EndGlobalSection
	GlobalSection(NestedProjects) = preSolution
		{EA2AE9CD-7313-4A55-B030-4467B3D21D4D} = {4DD2773D-0EAC-4619-BF73-3BFE071DCB8A}
		{72A2A2D9-925B-436F-ABA6-4E8723BFC5AC} = {FA44627B-6CD5-421E-B01F-49392ACCBAB8}
		{2B1D1DD2-7F85-4434-9367-ACAA8BF8DDE6} = {A4C36BE9-AA4A-4734-B133-1AB95E56C53C}
	EndGlobalSection
	GlobalSection(ExtensibilityGlobals) = postSolution
		SolutionGuid = {8E8B78E4-5C14-4E7E-B6B6-0942C3C96DC2}
	EndGlobalSection
EndGlobal
